
Microsoft Visual Studio Solution File, Format Version 12.00
# Visual Studio Version 17
VisualStudioVersion = 17.1.32407.343
MinimumVisualStudioVersion = 10.0.40219.1
Project("{888888A0-9F3D-457C-B088-3A5042F75D52}") = "HackTJ9.0", "Test\HackTJ9.0.pyproj", "{98DF91FB-0021-465A-8249-57C225529FEA}"
EndProject
Global
	GlobalSection(SolutionConfigurationPlatforms) = preSolution
		Debug|Any CPU = Debug|Any CPU
		Release|Any CPU = Release|Any CPU
	EndGlobalSection
	GlobalSection(ProjectConfigurationPlatforms) = postSolution
		{98DF91FB-0021-465A-8249-57C225529FEA}.Debug|Any CPU.ActiveCfg = Debug|Any CPU
		{98DF91FB-0021-465A-8249-57C225529FEA}.Release|Any CPU.ActiveCfg = Release|Any CPU
	EndGlobalSection
	GlobalSection(SolutionProperties) = preSolution
		HideSolutionNode = FALSE
	EndGlobalSection
	GlobalSection(ExtensibilityGlobals) = postSolution
		SolutionGuid = {308F3757-82D7-45D0-8008-079A21A28324}
	EndGlobalSection
EndGlobal
